
Microsoft Visual Studio Solution File, Format Version 12.00
# Visual Studio Version 17
VisualStudioVersion = 17.9.34728.123
MinimumVisualStudioVersion = 10.0.40219.1
Project("{FAE04EC0-301F-11D3-BF4B-00C04F79EFBC}") = "Social.Media.ApiGateway", "Social.Media.ApiGateway\Social.Media.ApiGateway.csproj", "{575A5269-FBE7-461B-AEA1-3971721190EA}"
EndProject
Global
	GlobalSection(SolutionConfigurationPlatforms) = preSolution
		Debug|Any CPU = Debug|Any CPU
		Release|Any CPU = Release|Any CPU
	EndGlobalSection
	GlobalSection(ProjectConfigurationPlatforms) = postSolution
		{575A5269-FBE7-461B-AEA1-3971721190EA}.Debug|Any CPU.ActiveCfg = Debug|Any CPU
		{575A5269-FBE7-461B-AEA1-3971721190EA}.Debug|Any CPU.Build.0 = Debug|Any CPU
		{575A5269-FBE7-461B-AEA1-3971721190EA}.Release|Any CPU.ActiveCfg = Release|Any CPU
		{575A5269-FBE7-461B-AEA1-3971721190EA}.Release|Any CPU.Build.0 = Release|Any CPU
	EndGlobalSection
	GlobalSection(SolutionProperties) = preSolution
		HideSolutionNode = FALSE
	EndGlobalSection
	GlobalSection(ExtensibilityGlobals) = postSolution
		SolutionGuid = {AF6B2CF7-EA52-487E-94F5-341884F2A9A6}
	EndGlobalSection
EndGlobal
